// !$*UTF8*$!
{
	archiveVersion = 1;
	classes = {
	};
	objectVersion = 55;
	objects = {

/* Begin PBXBuildFile section */
		EC6288ED275FA1A400501D9E /* DictionaryCardView.swift in Sources */ = {isa = PBXBuildFile; fileRef = EC6288EC275FA1A400501D9E /* DictionaryCardView.swift */; };
		EC6288EE275FA1A400501D9E /* DictionaryCardView.swift in Sources */ = {isa = PBXBuildFile; fileRef = EC6288EC275FA1A400501D9E /* DictionaryCardView.swift */; };
		EC6288F0275FBD1500501D9E /* MainView.swift in Sources */ = {isa = PBXBuildFile; fileRef = EC6288EF275FBD1500501D9E /* MainView.swift */; };
		EC6288F1275FBD1500501D9E /* MainView.swift in Sources */ = {isa = PBXBuildFile; fileRef = EC6288EF275FBD1500501D9E /* MainView.swift */; };
		EC8B02E5275F117C0031E15D /* WordSelectionApp.swift in Sources */ = {isa = PBXBuildFile; fileRef = EC8B02D5275F117B0031E15D /* WordSelectionApp.swift */; };
		EC8B02E6275F117C0031E15D /* WordSelectionApp.swift in Sources */ = {isa = PBXBuildFile; fileRef = EC8B02D5275F117B0031E15D /* WordSelectionApp.swift */; };
		EC8B02E9275F117C0031E15D /* Assets.xcassets in Resources */ = {isa = PBXBuildFile; fileRef = EC8B02D7275F117C0031E15D /* Assets.xcassets */; };
		EC8B02EA275F117C0031E15D /* Assets.xcassets in Resources */ = {isa = PBXBuildFile; fileRef = EC8B02D7275F117C0031E15D /* Assets.xcassets */; };
		EC8B02F4275F15B00031E15D /* SelectionView.swift in Sources */ = {isa = PBXBuildFile; fileRef = EC8B02F3275F15B00031E15D /* SelectionView.swift */; };
		EC8B02F5275F15B00031E15D /* SelectionView.swift in Sources */ = {isa = PBXBuildFile; fileRef = EC8B02F3275F15B00031E15D /* SelectionView.swift */; };
		EC8B02F7275F21560031E15D /* GeoExtension.swift in Sources */ = {isa = PBXBuildFile; fileRef = EC8B02F6275F21560031E15D /* GeoExtension.swift */; };
		EC8B02F8275F21560031E15D /* GeoExtension.swift in Sources */ = {isa = PBXBuildFile; fileRef = EC8B02F6275F21560031E15D /* GeoExtension.swift */; };
		EC8B02FA275F2B150031E15D /* words.swift in Sources */ = {isa = PBXBuildFile; fileRef = EC8B02F9275F2B150031E15D /* words.swift */; };
		EC8B02FB275F2B150031E15D /* words.swift in Sources */ = {isa = PBXBuildFile; fileRef = EC8B02F9275F2B150031E15D /* words.swift */; };
		ECEAFD07276199EA00052EFC /* DictionaryCardModel.swift in Sources */ = {isa = PBXBuildFile; fileRef = ECEAFD06276199EA00052EFC /* DictionaryCardModel.swift */; };
		ECEAFD08276199EA00052EFC /* DictionaryCardModel.swift in Sources */ = {isa = PBXBuildFile; fileRef = ECEAFD06276199EA00052EFC /* DictionaryCardModel.swift */; };
		ECEAFD0D2761AF1000052EFC /* pasteboard.swift in Sources */ = {isa = PBXBuildFile; fileRef = ECEAFD0C2761AF1000052EFC /* pasteboard.swift */; };
		ECEAFD0E2761AF1000052EFC /* pasteboard.swift in Sources */ = {isa = PBXBuildFile; fileRef = ECEAFD0C2761AF1000052EFC /* pasteboard.swift */; };
		ECEAFD162761B36500052EFC /* WordSelectionTests.swift in Sources */ = {isa = PBXBuildFile; fileRef = ECEAFD152761B36500052EFC /* WordSelectionTests.swift */; };
/* End PBXBuildFile section */

/* Begin PBXContainerItemProxy section */
		ECEAFD172761B36500052EFC /* PBXContainerItemProxy */ = {
			isa = PBXContainerItemProxy;
			containerPortal = EC8B02D0275F117B0031E15D /* Project object */;
			proxyType = 1;
			remoteGlobalIDString = EC8B02DB275F117C0031E15D;
			remoteInfo = "WordSelection (iOS)";
		};
/* End PBXContainerItemProxy section */

/* Begin PBXFileReference section */
		EC6288EC275FA1A400501D9E /* DictionaryCardView.swift */ = {isa = PBXFileReference; lastKnownFileType = sourcecode.swift; path = DictionaryCardView.swift; sourceTree = "<group>"; };
		EC6288EF275FBD1500501D9E /* MainView.swift */ = {isa = PBXFileReference; lastKnownFileType = sourcecode.swift; path = MainView.swift; sourceTree = "<group>"; };
		EC8B02D5275F117B0031E15D /* WordSelectionApp.swift */ = {isa = PBXFileReference; lastKnownFileType = sourcecode.swift; path = WordSelectionApp.swift; sourceTree = "<group>"; };
		EC8B02D7275F117C0031E15D /* Assets.xcassets */ = {isa = PBXFileReference; lastKnownFileType = folder.assetcatalog; path = Assets.xcassets; sourceTree = "<group>"; };
		EC8B02DC275F117C0031E15D /* WordSelection.app */ = {isa = PBXFileReference; explicitFileType = wrapper.application; includeInIndex = 0; path = WordSelection.app; sourceTree = BUILT_PRODUCTS_DIR; };
		EC8B02E2275F117C0031E15D /* WordSelection.app */ = {isa = PBXFileReference; explicitFileType = wrapper.application; includeInIndex = 0; path = WordSelection.app; sourceTree = BUILT_PRODUCTS_DIR; };
		EC8B02E4275F117C0031E15D /* macOS.entitlements */ = {isa = PBXFileReference; lastKnownFileType = text.plist.entitlements; path = macOS.entitlements; sourceTree = "<group>"; };
		EC8B02F3275F15B00031E15D /* SelectionView.swift */ = {isa = PBXFileReference; lastKnownFileType = sourcecode.swift; path = SelectionView.swift; sourceTree = "<group>"; };
		EC8B02F6275F21560031E15D /* GeoExtension.swift */ = {isa = PBXFileReference; lastKnownFileType = sourcecode.swift; path = GeoExtension.swift; sourceTree = "<group>"; };
		EC8B02F9275F2B150031E15D /* words.swift */ = {isa = PBXFileReference; lastKnownFileType = sourcecode.swift; path = words.swift; sourceTree = "<group>"; };
		ECEAFD06276199EA00052EFC /* DictionaryCardModel.swift */ = {isa = PBXFileReference; lastKnownFileType = sourcecode.swift; path = DictionaryCardModel.swift; sourceTree = "<group>"; };
		ECEAFD0C2761AF1000052EFC /* pasteboard.swift */ = {isa = PBXFileReference; lastKnownFileType = sourcecode.swift; path = pasteboard.swift; sourceTree = "<group>"; };
		ECEAFD132761B36500052EFC /* WordSelectionTests.xctest */ = {isa = PBXFileReference; explicitFileType = wrapper.cfbundle; includeInIndex = 0; path = WordSelectionTests.xctest; sourceTree = BUILT_PRODUCTS_DIR; };
		ECEAFD152761B36500052EFC /* WordSelectionTests.swift */ = {isa = PBXFileReference; lastKnownFileType = sourcecode.swift; path = WordSelectionTests.swift; sourceTree = "<group>"; };
/* End PBXFileReference section */

/* Begin PBXFrameworksBuildPhase section */
		EC8B02D9275F117C0031E15D /* Frameworks */ = {
			isa = PBXFrameworksBuildPhase;
			buildActionMask = 2147483647;
			files = (
			);
			runOnlyForDeploymentPostprocessing = 0;
		};
		EC8B02DF275F117C0031E15D /* Frameworks */ = {
			isa = PBXFrameworksBuildPhase;
			buildActionMask = 2147483647;
			files = (
			);
			runOnlyForDeploymentPostprocessing = 0;
		};
		ECEAFD102761B36500052EFC /* Frameworks */ = {
			isa = PBXFrameworksBuildPhase;
			buildActionMask = 2147483647;
			files = (
			);
			runOnlyForDeploymentPostprocessing = 0;
		};
/* End PBXFrameworksBuildPhase section */

/* Begin PBXGroup section */
		EC8B02CF275F117B0031E15D = {
			isa = PBXGroup;
			children = (
				EC8B02D4275F117B0031E15D /* Shared */,
				EC8B02E3275F117C0031E15D /* macOS */,
				ECEAFD142761B36500052EFC /* WordSelectionTests */,
				EC8B02DD275F117C0031E15D /* Products */,
			);
			sourceTree = "<group>";
		};
		EC8B02D4275F117B0031E15D /* Shared */ = {
			isa = PBXGroup;
			children = (
				ECEAFD0B2761ADCF00052EFC /* ViewModels */,
				ECEAFD0A2761AD8400052EFC /* Views */,
				ECEAFD092761AD6B00052EFC /* utils */,
				EC8B02D5275F117B0031E15D /* WordSelectionApp.swift */,
				EC8B02D7275F117C0031E15D /* Assets.xcassets */,
			);
			path = Shared;
			sourceTree = "<group>";
		};
		EC8B02DD275F117C0031E15D /* Products */ = {
			isa = PBXGroup;
			children = (
				EC8B02DC275F117C0031E15D /* WordSelection.app */,
				EC8B02E2275F117C0031E15D /* WordSelection.app */,
				ECEAFD132761B36500052EFC /* WordSelectionTests.xctest */,
			);
			name = Products;
			sourceTree = "<group>";
		};
		EC8B02E3275F117C0031E15D /* macOS */ = {
			isa = PBXGroup;
			children = (
				EC8B02E4275F117C0031E15D /* macOS.entitlements */,
			);
			path = macOS;
			sourceTree = "<group>";
		};
		ECEAFD092761AD6B00052EFC /* utils */ = {
			isa = PBXGroup;
			children = (
				EC8B02F9275F2B150031E15D /* words.swift */,
				ECEAFD0C2761AF1000052EFC /* pasteboard.swift */,
			);
			path = utils;
			sourceTree = "<group>";
		};
		ECEAFD0A2761AD8400052EFC /* Views */ = {
			isa = PBXGroup;
			children = (
				EC8B02F6275F21560031E15D /* GeoExtension.swift */,
				EC6288EF275FBD1500501D9E /* MainView.swift */,
				EC8B02F3275F15B00031E15D /* SelectionView.swift */,
				EC6288EC275FA1A400501D9E /* DictionaryCardView.swift */,
			);
			path = Views;
			sourceTree = "<group>";
		};
		ECEAFD0B2761ADCF00052EFC /* ViewModels */ = {
			isa = PBXGroup;
			children = (
				ECEAFD06276199EA00052EFC /* DictionaryCardModel.swift */,
			);
			path = ViewModels;
			sourceTree = "<group>";
		};
		ECEAFD142761B36500052EFC /* WordSelectionTests */ = {
			isa = PBXGroup;
			children = (
				ECEAFD152761B36500052EFC /* WordSelectionTests.swift */,
			);
			path = WordSelectionTests;
			sourceTree = "<group>";
		};
/* End PBXGroup section */

/* Begin PBXNativeTarget section */
		EC8B02DB275F117C0031E15D /* WordSelection (iOS) */ = {
			isa = PBXNativeTarget;
			buildConfigurationList = EC8B02ED275F117C0031E15D /* Build configuration list for PBXNativeTarget "WordSelection (iOS)" */;
			buildPhases = (
				EC8B02D8275F117C0031E15D /* Sources */,
				EC8B02D9275F117C0031E15D /* Frameworks */,
				EC8B02DA275F117C0031E15D /* Resources */,
			);
			buildRules = (
			);
			dependencies = (
			);
			name = "WordSelection (iOS)";
			productName = "WordSelection (iOS)";
			productReference = EC8B02DC275F117C0031E15D /* WordSelection.app */;
			productType = "com.apple.product-type.application";
		};
		EC8B02E1275F117C0031E15D /* WordSelection (macOS) */ = {
			isa = PBXNativeTarget;
			buildConfigurationList = EC8B02F0275F117C0031E15D /* Build configuration list for PBXNativeTarget "WordSelection (macOS)" */;
			buildPhases = (
				EC8B02DE275F117C0031E15D /* Sources */,
				EC8B02DF275F117C0031E15D /* Frameworks */,
				EC8B02E0275F117C0031E15D /* Resources */,
			);
			buildRules = (
			);
			dependencies = (
			);
			name = "WordSelection (macOS)";
			productName = "WordSelection (macOS)";
			productReference = EC8B02E2275F117C0031E15D /* WordSelection.app */;
			productType = "com.apple.product-type.application";
		};
		ECEAFD122761B36500052EFC /* WordSelectionTests */ = {
			isa = PBXNativeTarget;
			buildConfigurationList = ECEAFD192761B36500052EFC /* Build configuration list for PBXNativeTarget "WordSelectionTests" */;
			buildPhases = (
				ECEAFD0F2761B36500052EFC /* Sources */,
				ECEAFD102761B36500052EFC /* Frameworks */,
				ECEAFD112761B36500052EFC /* Resources */,
			);
			buildRules = (
			);
			dependencies = (
				ECEAFD182761B36500052EFC /* PBXTargetDependency */,
			);
			name = WordSelectionTests;
			productName = WordSelectionTests;
			productReference = ECEAFD132761B36500052EFC /* WordSelectionTests.xctest */;
			productType = "com.apple.product-type.bundle.unit-test";
		};
/* End PBXNativeTarget section */

/* Begin PBXProject section */
		EC8B02D0275F117B0031E15D /* Project object */ = {
			isa = PBXProject;
			attributes = {
				BuildIndependentTargetsInParallel = 1;
				LastSwiftUpdateCheck = 1310;
				LastUpgradeCheck = 1310;
				TargetAttributes = {
					EC8B02DB275F117C0031E15D = {
						CreatedOnToolsVersion = 13.1;
					};
					EC8B02E1275F117C0031E15D = {
						CreatedOnToolsVersion = 13.1;
					};
					ECEAFD122761B36500052EFC = {
						CreatedOnToolsVersion = 13.1;
						TestTargetID = EC8B02DB275F117C0031E15D;
					};
				};
			};
			buildConfigurationList = EC8B02D3275F117B0031E15D /* Build configuration list for PBXProject "WordSelection" */;
			compatibilityVersion = "Xcode 13.0";
			developmentRegion = en;
			hasScannedForEncodings = 0;
			knownRegions = (
				en,
				Base,
			);
			mainGroup = EC8B02CF275F117B0031E15D;
			productRefGroup = EC8B02DD275F117C0031E15D /* Products */;
			projectDirPath = "";
			projectRoot = "";
			targets = (
				EC8B02DB275F117C0031E15D /* WordSelection (iOS) */,
				EC8B02E1275F117C0031E15D /* WordSelection (macOS) */,
				ECEAFD122761B36500052EFC /* WordSelectionTests */,
			);
		};
/* End PBXProject section */

/* Begin PBXResourcesBuildPhase section */
		EC8B02DA275F117C0031E15D /* Resources */ = {
			isa = PBXResourcesBuildPhase;
			buildActionMask = 2147483647;
			files = (
				EC8B02E9275F117C0031E15D /* Assets.xcassets in Resources */,
			);
			runOnlyForDeploymentPostprocessing = 0;
		};
		EC8B02E0275F117C0031E15D /* Resources */ = {
			isa = PBXResourcesBuildPhase;
			buildActionMask = 2147483647;
			files = (
				EC8B02EA275F117C0031E15D /* Assets.xcassets in Resources */,
			);
			runOnlyForDeploymentPostprocessing = 0;
		};
		ECEAFD112761B36500052EFC /* Resources */ = {
			isa = PBXResourcesBuildPhase;
			buildActionMask = 2147483647;
			files = (
			);
			runOnlyForDeploymentPostprocessing = 0;
		};
/* End PBXResourcesBuildPhase section */

/* Begin PBXSourcesBuildPhase section */
		EC8B02D8275F117C0031E15D /* Sources */ = {
			isa = PBXSourcesBuildPhase;
			buildActionMask = 2147483647;
			files = (
				ECEAFD0D2761AF1000052EFC /* pasteboard.swift in Sources */,
				EC6288F0275FBD1500501D9E /* MainView.swift in Sources */,
				EC8B02F7275F21560031E15D /* GeoExtension.swift in Sources */,
				EC8B02F4275F15B00031E15D /* SelectionView.swift in Sources */,
				EC8B02E5275F117C0031E15D /* WordSelectionApp.swift in Sources */,
				EC8B02FA275F2B150031E15D /* words.swift in Sources */,
				EC6288ED275FA1A400501D9E /* DictionaryCardView.swift in Sources */,
				ECEAFD07276199EA00052EFC /* DictionaryCardModel.swift in Sources */,
			);
			runOnlyForDeploymentPostprocessing = 0;
		};
		EC8B02DE275F117C0031E15D /* Sources */ = {
			isa = PBXSourcesBuildPhase;
			buildActionMask = 2147483647;
			files = (
				ECEAFD0E2761AF1000052EFC /* pasteboard.swift in Sources */,
				EC6288F1275FBD1500501D9E /* MainView.swift in Sources */,
				EC8B02F8275F21560031E15D /* GeoExtension.swift in Sources */,
				EC8B02F5275F15B00031E15D /* SelectionView.swift in Sources */,
				EC8B02E6275F117C0031E15D /* WordSelectionApp.swift in Sources */,
				EC8B02FB275F2B150031E15D /* words.swift in Sources */,
				EC6288EE275FA1A400501D9E /* DictionaryCardView.swift in Sources */,
				ECEAFD08276199EA00052EFC /* DictionaryCardModel.swift in Sources */,
			);
			runOnlyForDeploymentPostprocessing = 0;
		};
		ECEAFD0F2761B36500052EFC /* Sources */ = {
			isa = PBXSourcesBuildPhase;
			buildActionMask = 2147483647;
			files = (
				ECEAFD162761B36500052EFC /* WordSelectionTests.swift in Sources */,
			);
			runOnlyForDeploymentPostprocessing = 0;
		};
/* End PBXSourcesBuildPhase section */

/* Begin PBXTargetDependency section */
		ECEAFD182761B36500052EFC /* PBXTargetDependency */ = {
			isa = PBXTargetDependency;
			target = EC8B02DB275F117C0031E15D /* WordSelection (iOS) */;
			targetProxy = ECEAFD172761B36500052EFC /* PBXContainerItemProxy */;
		};
/* End PBXTargetDependency section */

/* Begin XCBuildConfiguration section */
		EC8B02EB275F117C0031E15D /* Debug */ = {
			isa = XCBuildConfiguration;
			buildSettings = {
				ALWAYS_SEARCH_USER_PATHS = NO;
				CLANG_ANALYZER_NONNULL = YES;
				CLANG_ANALYZER_NUMBER_OBJECT_CONVERSION = YES_AGGRESSIVE;
				CLANG_CXX_LANGUAGE_STANDARD = "gnu++17";
				CLANG_CXX_LIBRARY = "libc++";
				CLANG_ENABLE_MODULES = YES;
				CLANG_ENABLE_OBJC_ARC = YES;
				CLANG_ENABLE_OBJC_WEAK = YES;
				CLANG_WARN_BLOCK_CAPTURE_AUTORELEASING = YES;
				CLANG_WARN_BOOL_CONVERSION = YES;
				CLANG_WARN_COMMA = YES;
				CLANG_WARN_CONSTANT_CONVERSION = YES;
				CLANG_WARN_DEPRECATED_OBJC_IMPLEMENTATIONS = YES;
				CLANG_WARN_DIRECT_OBJC_ISA_USAGE = YES_ERROR;
				CLANG_WARN_DOCUMENTATION_COMMENTS = YES;
				CLANG_WARN_EMPTY_BODY = YES;
				CLANG_WARN_ENUM_CONVERSION = YES;
				CLANG_WARN_INFINITE_RECURSION = YES;
				CLANG_WARN_INT_CONVERSION = YES;
				CLANG_WARN_NON_LITERAL_NULL_CONVERSION = YES;
				CLANG_WARN_OBJC_IMPLICIT_RETAIN_SELF = YES;
				CLANG_WARN_OBJC_LITERAL_CONVERSION = YES;
				CLANG_WARN_OBJC_ROOT_CLASS = YES_ERROR;
				CLANG_WARN_QUOTED_INCLUDE_IN_FRAMEWORK_HEADER = YES;
				CLANG_WARN_RANGE_LOOP_ANALYSIS = YES;
				CLANG_WARN_STRICT_PROTOTYPES = YES;
				CLANG_WARN_SUSPICIOUS_MOVE = YES;
				CLANG_WARN_UNGUARDED_AVAILABILITY = YES_AGGRESSIVE;
				CLANG_WARN_UNREACHABLE_CODE = YES;
				CLANG_WARN__DUPLICATE_METHOD_MATCH = YES;
				COPY_PHASE_STRIP = NO;
				DEBUG_INFORMATION_FORMAT = dwarf;
				ENABLE_STRICT_OBJC_MSGSEND = YES;
				ENABLE_TESTABILITY = YES;
				GCC_C_LANGUAGE_STANDARD = gnu11;
				GCC_DYNAMIC_NO_PIC = NO;
				GCC_NO_COMMON_BLOCKS = YES;
				GCC_OPTIMIZATION_LEVEL = 0;
				GCC_PREPROCESSOR_DEFINITIONS = (
					"DEBUG=1",
					"$(inherited)",
				);
				GCC_WARN_64_TO_32_BIT_CONVERSION = YES;
				GCC_WARN_ABOUT_RETURN_TYPE = YES_ERROR;
				GCC_WARN_UNDECLARED_SELECTOR = YES;
				GCC_WARN_UNINITIALIZED_AUTOS = YES_AGGRESSIVE;
				GCC_WARN_UNUSED_FUNCTION = YES;
				GCC_WARN_UNUSED_VARIABLE = YES;
				MTL_ENABLE_DEBUG_INFO = INCLUDE_SOURCE;
				MTL_FAST_MATH = YES;
				ONLY_ACTIVE_ARCH = YES;
				SWIFT_ACTIVE_COMPILATION_CONDITIONS = DEBUG;
				SWIFT_OPTIMIZATION_LEVEL = "-Onone";
			};
			name = Debug;
		};
		EC8B02EC275F117C0031E15D /* Release */ = {
			isa = XCBuildConfiguration;
			buildSettings = {
				ALWAYS_SEARCH_USER_PATHS = NO;
				CLANG_ANALYZER_NONNULL = YES;
				CLANG_ANALYZER_NUMBER_OBJECT_CONVERSION = YES_AGGRESSIVE;
				CLANG_CXX_LANGUAGE_STANDARD = "gnu++17";
				CLANG_CXX_LIBRARY = "libc++";
				CLANG_ENABLE_MODULES = YES;
				CLANG_ENABLE_OBJC_ARC = YES;
				CLANG_ENABLE_OBJC_WEAK = YES;
				CLANG_WARN_BLOCK_CAPTURE_AUTORELEASING = YES;
				CLANG_WARN_BOOL_CONVERSION = YES;
				CLANG_WARN_COMMA = YES;
				CLANG_WARN_CONSTANT_CONVERSION = YES;
				CLANG_WARN_DEPRECATED_OBJC_IMPLEMENTATIONS = YES;
				CLANG_WARN_DIRECT_OBJC_ISA_USAGE = YES_ERROR;
				CLANG_WARN_DOCUMENTATION_COMMENTS = YES;
				CLANG_WARN_EMPTY_BODY = YES;
				CLANG_WARN_ENUM_CONVERSION = YES;
				CLANG_WARN_INFINITE_RECURSION = YES;
				CLANG_WARN_INT_CONVERSION = YES;
				CLANG_WARN_NON_LITERAL_NULL_CONVERSION = YES;
				CLANG_WARN_OBJC_IMPLICIT_RETAIN_SELF = YES;
				CLANG_WARN_OBJC_LITERAL_CONVERSION = YES;
				CLANG_WARN_OBJC_ROOT_CLASS = YES_ERROR;
				CLANG_WARN_QUOTED_INCLUDE_IN_FRAMEWORK_HEADER = YES;
				CLANG_WARN_RANGE_LOOP_ANALYSIS = YES;
				CLANG_WARN_STRICT_PROTOTYPES = YES;
				CLANG_WARN_SUSPICIOUS_MOVE = YES;
				CLANG_WARN_UNGUARDED_AVAILABILITY = YES_AGGRESSIVE;
				CLANG_WARN_UNREACHABLE_CODE = YES;
				CLANG_WARN__DUPLICATE_METHOD_MATCH = YES;
				COPY_PHASE_STRIP = NO;
				DEBUG_INFORMATION_FORMAT = "dwarf-with-dsym";
				ENABLE_NS_ASSERTIONS = NO;
				ENABLE_STRICT_OBJC_MSGSEND = YES;
				GCC_C_LANGUAGE_STANDARD = gnu11;
				GCC_NO_COMMON_BLOCKS = YES;
				GCC_WARN_64_TO_32_BIT_CONVERSION = YES;
				GCC_WARN_ABOUT_RETURN_TYPE = YES_ERROR;
				GCC_WARN_UNDECLARED_SELECTOR = YES;
				GCC_WARN_UNINITIALIZED_AUTOS = YES_AGGRESSIVE;
				GCC_WARN_UNUSED_FUNCTION = YES;
				GCC_WARN_UNUSED_VARIABLE = YES;
				MTL_ENABLE_DEBUG_INFO = NO;
				MTL_FAST_MATH = YES;
				SWIFT_COMPILATION_MODE = wholemodule;
				SWIFT_OPTIMIZATION_LEVEL = "-O";
			};
			name = Release;
		};
		EC8B02EE275F117C0031E15D /* Debug */ = {
			isa = XCBuildConfiguration;
			buildSettings = {
				ASSETCATALOG_COMPILER_APPICON_NAME = AppIcon;
				ASSETCATALOG_COMPILER_GLOBAL_ACCENT_COLOR_NAME = AccentColor;
				CODE_SIGN_STYLE = Automatic;
				CURRENT_PROJECT_VERSION = 1;
				DEVELOPMENT_TEAM = 7DN923F8U9;
				ENABLE_PREVIEWS = YES;
				GENERATE_INFOPLIST_FILE = YES;
				INFOPLIST_KEY_UIApplicationSceneManifest_Generation = YES;
				INFOPLIST_KEY_UIApplicationSupportsIndirectInputEvents = YES;
				INFOPLIST_KEY_UILaunchScreen_Generation = YES;
				INFOPLIST_KEY_UISupportedInterfaceOrientations_iPad = "UIInterfaceOrientationPortrait UIInterfaceOrientationPortraitUpsideDown UIInterfaceOrientationLandscapeLeft UIInterfaceOrientationLandscapeRight";
				INFOPLIST_KEY_UISupportedInterfaceOrientations_iPhone = "UIInterfaceOrientationPortrait UIInterfaceOrientationLandscapeLeft UIInterfaceOrientationLandscapeRight";
				IPHONEOS_DEPLOYMENT_TARGET = 15.0;
				LD_RUNPATH_SEARCH_PATHS = (
					"$(inherited)",
					"@executable_path/Frameworks",
				);
				MARKETING_VERSION = 1.0;
				PRODUCT_BUNDLE_IDENTIFIER = com.whexy.app.WordSelection;
				PRODUCT_NAME = WordSelection;
				SDKROOT = iphoneos;
				SWIFT_EMIT_LOC_STRINGS = YES;
				SWIFT_VERSION = 5.0;
				TARGETED_DEVICE_FAMILY = "1,2";
			};
			name = Debug;
		};
		EC8B02EF275F117C0031E15D /* Release */ = {
			isa = XCBuildConfiguration;
			buildSettings = {
				ASSETCATALOG_COMPILER_APPICON_NAME = AppIcon;
				ASSETCATALOG_COMPILER_GLOBAL_ACCENT_COLOR_NAME = AccentColor;
				CODE_SIGN_STYLE = Automatic;
				CURRENT_PROJECT_VERSION = 1;
				DEVELOPMENT_TEAM = 7DN923F8U9;
				ENABLE_PREVIEWS = YES;
				GENERATE_INFOPLIST_FILE = YES;
				INFOPLIST_KEY_UIApplicationSceneManifest_Generation = YES;
				INFOPLIST_KEY_UIApplicationSupportsIndirectInputEvents = YES;
				INFOPLIST_KEY_UILaunchScreen_Generation = YES;
				INFOPLIST_KEY_UISupportedInterfaceOrientations_iPad = "UIInterfaceOrientationPortrait UIInterfaceOrientationPortraitUpsideDown UIInterfaceOrientationLandscapeLeft UIInterfaceOrientationLandscapeRight";
				INFOPLIST_KEY_UISupportedInterfaceOrientations_iPhone = "UIInterfaceOrientationPortrait UIInterfaceOrientationLandscapeLeft UIInterfaceOrientationLandscapeRight";
				IPHONEOS_DEPLOYMENT_TARGET = 15.0;
				LD_RUNPATH_SEARCH_PATHS = (
					"$(inherited)",
					"@executable_path/Frameworks",
				);
				MARKETING_VERSION = 1.0;
				PRODUCT_BUNDLE_IDENTIFIER = com.whexy.app.WordSelection;
				PRODUCT_NAME = WordSelection;
				SDKROOT = iphoneos;
				SWIFT_EMIT_LOC_STRINGS = YES;
				SWIFT_VERSION = 5.0;
				TARGETED_DEVICE_FAMILY = "1,2";
				VALIDATE_PRODUCT = YES;
			};
			name = Release;
		};
		EC8B02F1275F117C0031E15D /* Debug */ = {
			isa = XCBuildConfiguration;
			buildSettings = {
				ASSETCATALOG_COMPILER_APPICON_NAME = AppIcon;
				ASSETCATALOG_COMPILER_GLOBAL_ACCENT_COLOR_NAME = AccentColor;
				CODE_SIGN_ENTITLEMENTS = macOS/macOS.entitlements;
				CODE_SIGN_STYLE = Automatic;
				COMBINE_HIDPI_IMAGES = YES;
				CURRENT_PROJECT_VERSION = 1;
				DEVELOPMENT_TEAM = 7DN923F8U9;
				ENABLE_HARDENED_RUNTIME = YES;
				ENABLE_PREVIEWS = YES;
				GENERATE_INFOPLIST_FILE = YES;
				INFOPLIST_KEY_NSHumanReadableCopyright = "";
				LD_RUNPATH_SEARCH_PATHS = (
					"$(inherited)",
					"@executable_path/../Frameworks",
				);
				MACOSX_DEPLOYMENT_TARGET = 12.0;
				MARKETING_VERSION = 1.0;
				PRODUCT_BUNDLE_IDENTIFIER = com.whexy.app.WordSelection;
				PRODUCT_NAME = WordSelection;
				SDKROOT = macosx;
				SWIFT_EMIT_LOC_STRINGS = YES;
				SWIFT_VERSION = 5.0;
			};
			name = Debug;
		};
		EC8B02F2275F117C0031E15D /* Release */ = {
			isa = XCBuildConfiguration;
			buildSettings = {
				ASSETCATALOG_COMPILER_APPICON_NAME = AppIcon;
				ASSETCATALOG_COMPILER_GLOBAL_ACCENT_COLOR_NAME = AccentColor;
				CODE_SIGN_ENTITLEMENTS = macOS/macOS.entitlements;
				CODE_SIGN_STYLE = Automatic;
				COMBINE_HIDPI_IMAGES = YES;
				CURRENT_PROJECT_VERSION = 1;
				DEVELOPMENT_TEAM = 7DN923F8U9;
				ENABLE_HARDENED_RUNTIME = YES;
				ENABLE_PREVIEWS = YES;
				GENERATE_INFOPLIST_FILE = YES;
				INFOPLIST_KEY_NSHumanReadableCopyright = "";
				LD_RUNPATH_SEARCH_PATHS = (
					"$(inherited)",
					"@executable_path/../Frameworks",
				);
				MACOSX_DEPLOYMENT_TARGET = 12.0;
				MARKETING_VERSION = 1.0;
				PRODUCT_BUNDLE_IDENTIFIER = com.whexy.app.WordSelection;
				PRODUCT_NAME = WordSelection;
				SDKROOT = macosx;
				SWIFT_EMIT_LOC_STRINGS = YES;
				SWIFT_VERSION = 5.0;
			};
			name = Release;
		};
		ECEAFD1A2761B36500052EFC /* Debug */ = {
			isa = XCBuildConfiguration;
			buildSettings = {
				BUNDLE_LOADER = "$(TEST_HOST)";
				CODE_SIGN_STYLE = Automatic;
				CURRENT_PROJECT_VERSION = 1;
				DEVELOPMENT_TEAM = 7DN923F8U9;
				GENERATE_INFOPLIST_FILE = YES;
				IPHONEOS_DEPLOYMENT_TARGET = 15.0;
				LD_RUNPATH_SEARCH_PATHS = (
					"$(inherited)",
					"@executable_path/Frameworks",
					"@loader_path/Frameworks",
				);
				MARKETING_VERSION = 1.0;
				PRODUCT_BUNDLE_IDENTIFIER = com.whexy.app.WordSelectionTests;
				PRODUCT_NAME = "$(TARGET_NAME)";
				SDKROOT = iphoneos;
				SWIFT_EMIT_LOC_STRINGS = NO;
				SWIFT_VERSION = 5.0;
				TARGETED_DEVICE_FAMILY = "1,2";
				TEST_HOST = "$(BUILT_PRODUCTS_DIR)/WordSelection.app/WordSelection";
			};
			name = Debug;
		};
		ECEAFD1B2761B36500052EFC /* Release */ = {
			isa = XCBuildConfiguration;
			buildSettings = {
				BUNDLE_LOADER = "$(TEST_HOST)";
				CODE_SIGN_STYLE = Automatic;
				CURRENT_PROJECT_VERSION = 1;
				DEVELOPMENT_TEAM = 7DN923F8U9;
				GENERATE_INFOPLIST_FILE = YES;
				IPHONEOS_DEPLOYMENT_TARGET = 15.0;
				LD_RUNPATH_SEARCH_PATHS = (
					"$(inherited)",
					"@executable_path/Frameworks",
					"@loader_path/Frameworks",
				);
				MARKETING_VERSION = 1.0;
				PRODUCT_BUNDLE_IDENTIFIER = com.whexy.app.WordSelectionTests;
				PRODUCT_NAME = "$(TARGET_NAME)";
				SDKROOT = iphoneos;
				SWIFT_EMIT_LOC_STRINGS = NO;
				SWIFT_VERSION = 5.0;
				TARGETED_DEVICE_FAMILY = "1,2";
				TEST_HOST = "$(BUILT_PRODUCTS_DIR)/WordSelection.app/WordSelection";
				VALIDATE_PRODUCT = YES;
			};
			name = Release;
		};
/* End XCBuildConfiguration section */

/* Begin XCConfigurationList section */
		EC8B02D3275F117B0031E15D /* Build configuration list for PBXProject "WordSelection" */ = {
			isa = XCConfigurationList;
			buildConfigurations = (
				EC8B02EB275F117C0031E15D /* Debug */,
				EC8B02EC275F117C0031E15D /* Release */,
			);
			defaultConfigurationIsVisible = 0;
			defaultConfigurationName = Release;
		};
		EC8B02ED275F117C0031E15D /* Build configuration list for PBXNativeTarget "WordSelection (iOS)" */ = {
			isa = XCConfigurationList;
			buildConfigurations = (
				EC8B02EE275F117C0031E15D /* Debug */,
				EC8B02EF275F117C0031E15D /* Release */,
			);
			defaultConfigurationIsVisible = 0;
			defaultConfigurationName = Release;
		};
		EC8B02F0275F117C0031E15D /* Build configuration list for PBXNativeTarget "WordSelection (macOS)" */ = {
			isa = XCConfigurationList;
			buildConfigurations = (
				EC8B02F1275F117C0031E15D /* Debug */,
				EC8B02F2275F117C0031E15D /* Release */,
			);
			defaultConfigurationIsVisible = 0;
			defaultConfigurationName = Release;
		};
		ECEAFD192761B36500052EFC /* Build configuration list for PBXNativeTarget "WordSelectionTests" */ = {
			isa = XCConfigurationList;
			buildConfigurations = (
				ECEAFD1A2761B36500052EFC /* Debug */,
				ECEAFD1B2761B36500052EFC /* Release */,
			);
			defaultConfigurationIsVisible = 0;
			defaultConfigurationName = Release;
		};
/* End XCConfigurationList section */
	};
	rootObject = EC8B02D0275F117B0031E15D /* Project object */;
}
